// !$*UTF8*$!
{
	archiveVersion = 1;
	classes = {
	};
	objectVersion = 51;
	objects = {

/* Begin PBXBuildFile section */
		41AB5CB2538052EF257486C6 /* Pods_Attendance.framework in Frameworks */ = {isa = PBXBuildFile; fileRef = 40B874DDCCEA81B2FF50F486 /* Pods_Attendance.framework */; };
		E11D5800257DFCCD00D96355 /* AddViewController.swift in Sources */ = {isa = PBXBuildFile; fileRef = E11D57FF257DFCCD00D96355 /* AddViewController.swift */; };
		E11D5803257E00F900D96355 /* TimeTable.swift in Sources */ = {isa = PBXBuildFile; fileRef = E11D5802257E00F900D96355 /* TimeTable.swift */; };
		E14603E9257A849E0042B7BE /* AppDelegate.swift in Sources */ = {isa = PBXBuildFile; fileRef = E14603E8257A849E0042B7BE /* AppDelegate.swift */; };
		E14603EB257A849E0042B7BE /* SceneDelegate.swift in Sources */ = {isa = PBXBuildFile; fileRef = E14603EA257A849E0042B7BE /* SceneDelegate.swift */; };
		E14603ED257A849E0042B7BE /* ViewController.swift in Sources */ = {isa = PBXBuildFile; fileRef = E14603EC257A849E0042B7BE /* ViewController.swift */; };
		E14603F0257A849E0042B7BE /* Main.storyboard in Resources */ = {isa = PBXBuildFile; fileRef = E14603EE257A849E0042B7BE /* Main.storyboard */; };
		E14603F2257A84A20042B7BE /* Assets.xcassets in Resources */ = {isa = PBXBuildFile; fileRef = E14603F1257A84A20042B7BE /* Assets.xcassets */; };
		E14603F5257A84A20042B7BE /* LaunchScreen.storyboard in Resources */ = {isa = PBXBuildFile; fileRef = E14603F3257A84A20042B7BE /* LaunchScreen.storyboard */; };
		E15CF4DF257ACA7500B82C1D /* ModifyViewController.swift in Sources */ = {isa = PBXBuildFile; fileRef = E15CF4DE257ACA7500B82C1D /* ModifyViewController.swift */; };
		E15CF4EF257D00A100B82C1D /* GoogleService-Info.plist in Resources */ = {isa = PBXBuildFile; fileRef = E15CF4EE257D00A100B82C1D /* GoogleService-Info.plist */; };
		E160FB17258C5C8C00280BED /* StudentsViewController.swift in Sources */ = {isa = PBXBuildFile; fileRef = E160FB16258C5C8C00280BED /* StudentsViewController.swift */; };
		E160FB1A258C5D1400280BED /* DetailStudentViewController.swift in Sources */ = {isa = PBXBuildFile; fileRef = E160FB19258C5D1400280BED /* DetailStudentViewController.swift */; };
		E17DADC4258D091D0046162A /* Students.swift in Sources */ = {isa = PBXBuildFile; fileRef = E17DADC3258D091D0046162A /* Students.swift */; };
		E17DADC7258D1F070046162A /* AddStudentViewController.swift in Sources */ = {isa = PBXBuildFile; fileRef = E17DADC6258D1F070046162A /* AddStudentViewController.swift */; };
		E188EE7125AD9FE50058134A /* AddEventViewController.swift in Sources */ = {isa = PBXBuildFile; fileRef = E188EE7025AD9FE50058134A /* AddEventViewController.swift */; };
/* End PBXBuildFile section */

/* Begin PBXFileReference section */
		40B874DDCCEA81B2FF50F486 /* Pods_Attendance.framework */ = {isa = PBXFileReference; explicitFileType = wrapper.framework; includeInIndex = 0; path = Pods_Attendance.framework; sourceTree = BUILT_PRODUCTS_DIR; };
		91F2A36AF834E5242625D0B5 /* Pods-Attendance.release.xcconfig */ = {isa = PBXFileReference; includeInIndex = 1; lastKnownFileType = text.xcconfig; name = "Pods-Attendance.release.xcconfig"; path = "Target Support Files/Pods-Attendance/Pods-Attendance.release.xcconfig"; sourceTree = "<group>"; };
		ABB3EBF8CFA20E77D4D5E0FC /* Pods-Attendance.debug.xcconfig */ = {isa = PBXFileReference; includeInIndex = 1; lastKnownFileType = text.xcconfig; name = "Pods-Attendance.debug.xcconfig"; path = "Target Support Files/Pods-Attendance/Pods-Attendance.debug.xcconfig"; sourceTree = "<group>"; };
		E11D57FF257DFCCD00D96355 /* AddViewController.swift */ = {isa = PBXFileReference; lastKnownFileType = sourcecode.swift; path = AddViewController.swift; sourceTree = "<group>"; };
		E11D5802257E00F900D96355 /* TimeTable.swift */ = {isa = PBXFileReference; lastKnownFileType = sourcecode.swift; path = TimeTable.swift; sourceTree = "<group>"; };
		E14603E5257A849E0042B7BE /* Attendance.app */ = {isa = PBXFileReference; explicitFileType = wrapper.application; includeInIndex = 0; path = Attendance.app; sourceTree = BUILT_PRODUCTS_DIR; };
		E14603E8257A849E0042B7BE /* AppDelegate.swift */ = {isa = PBXFileReference; lastKnownFileType = sourcecode.swift; path = AppDelegate.swift; sourceTree = "<group>"; };
		E14603EA257A849E0042B7BE /* SceneDelegate.swift */ = {isa = PBXFileReference; lastKnownFileType = sourcecode.swift; path = SceneDelegate.swift; sourceTree = "<group>"; };
		E14603EC257A849E0042B7BE /* ViewController.swift */ = {isa = PBXFileReference; lastKnownFileType = sourcecode.swift; path = ViewController.swift; sourceTree = "<group>"; };
		E14603EF257A849E0042B7BE /* Base */ = {isa = PBXFileReference; lastKnownFileType = file.storyboard; name = Base; path = Base.lproj/Main.storyboard; sourceTree = "<group>"; };
		E14603F1257A84A20042B7BE /* Assets.xcassets */ = {isa = PBXFileReference; lastKnownFileType = folder.assetcatalog; path = Assets.xcassets; sourceTree = "<group>"; };
		E14603F4257A84A20042B7BE /* Base */ = {isa = PBXFileReference; lastKnownFileType = file.storyboard; name = Base; path = Base.lproj/LaunchScreen.storyboard; sourceTree = "<group>"; };
		E14603F6257A84A20042B7BE /* Info.plist */ = {isa = PBXFileReference; lastKnownFileType = text.plist.xml; path = Info.plist; sourceTree = "<group>"; };
		E15CF4DE257ACA7500B82C1D /* ModifyViewController.swift */ = {isa = PBXFileReference; lastKnownFileType = sourcecode.swift; path = ModifyViewController.swift; sourceTree = "<group>"; };
		E15CF4EE257D00A100B82C1D /* GoogleService-Info.plist */ = {isa = PBXFileReference; fileEncoding = 4; lastKnownFileType = text.plist.xml; path = "GoogleService-Info.plist"; sourceTree = "<group>"; };
		E160FB16258C5C8C00280BED /* StudentsViewController.swift */ = {isa = PBXFileReference; lastKnownFileType = sourcecode.swift; path = StudentsViewController.swift; sourceTree = "<group>"; };
		E160FB19258C5D1400280BED /* DetailStudentViewController.swift */ = {isa = PBXFileReference; lastKnownFileType = sourcecode.swift; path = DetailStudentViewController.swift; sourceTree = "<group>"; };
		E17DADC3258D091D0046162A /* Students.swift */ = {isa = PBXFileReference; lastKnownFileType = sourcecode.swift; path = Students.swift; sourceTree = "<group>"; };
		E17DADC6258D1F070046162A /* AddStudentViewController.swift */ = {isa = PBXFileReference; lastKnownFileType = sourcecode.swift; path = AddStudentViewController.swift; sourceTree = "<group>"; };
		E188EE7025AD9FE50058134A /* AddEventViewController.swift */ = {isa = PBXFileReference; lastKnownFileType = sourcecode.swift; path = AddEventViewController.swift; sourceTree = "<group>"; };
/* End PBXFileReference section */

/* Begin PBXFrameworksBuildPhase section */
		E14603E2257A849E0042B7BE /* Frameworks */ = {
			isa = PBXFrameworksBuildPhase;
			buildActionMask = 2147483647;
			files = (
				41AB5CB2538052EF257486C6 /* Pods_Attendance.framework in Frameworks */,
			);
			runOnlyForDeploymentPostprocessing = 0;
		};
/* End PBXFrameworksBuildPhase section */

/* Begin PBXGroup section */
		A7F053050ED98A6A0BDDD2D0 /* Frameworks */ = {
			isa = PBXGroup;
			children = (
				40B874DDCCEA81B2FF50F486 /* Pods_Attendance.framework */,
			);
			name = Frameworks;
			sourceTree = "<group>";
		};
		E14603DC257A849E0042B7BE = {
			isa = PBXGroup;
			children = (
				E14603E7257A849E0042B7BE /* Attendance */,
				E14603E6257A849E0042B7BE /* Products */,
				FB0A8E94663A7D475E740D8B /* Pods */,
				A7F053050ED98A6A0BDDD2D0 /* Frameworks */,
			);
			sourceTree = "<group>";
		};
		E14603E6257A849E0042B7BE /* Products */ = {
			isa = PBXGroup;
			children = (
				E14603E5257A849E0042B7BE /* Attendance.app */,
			);
			name = Products;
			sourceTree = "<group>";
		};
		E14603E7257A849E0042B7BE /* Attendance */ = {
			isa = PBXGroup;
			children = (
				E14603E8257A849E0042B7BE /* AppDelegate.swift */,
				E14603EA257A849E0042B7BE /* SceneDelegate.swift */,
				E14603EC257A849E0042B7BE /* ViewController.swift */,
				E11D57FF257DFCCD00D96355 /* AddViewController.swift */,
				E14603EE257A849E0042B7BE /* Main.storyboard */,
				E160FB16258C5C8C00280BED /* StudentsViewController.swift */,
				E17DADC3258D091D0046162A /* Students.swift */,
				E17DADC6258D1F070046162A /* AddStudentViewController.swift */,
				E188EE7025AD9FE50058134A /* AddEventViewController.swift */,
				E160FB19258C5D1400280BED /* DetailStudentViewController.swift */,
				E11D5802257E00F900D96355 /* TimeTable.swift */,
				E15CF4DE257ACA7500B82C1D /* ModifyViewController.swift */,
				E14603F1257A84A20042B7BE /* Assets.xcassets */,
				E14603F3257A84A20042B7BE /* LaunchScreen.storyboard */,
				E14603F6257A84A20042B7BE /* Info.plist */,
				E15CF4EE257D00A100B82C1D /* GoogleService-Info.plist */,
			);
			path = Attendance;
			sourceTree = "<group>";
		};
		FB0A8E94663A7D475E740D8B /* Pods */ = {
			isa = PBXGroup;
			children = (
				ABB3EBF8CFA20E77D4D5E0FC /* Pods-Attendance.debug.xcconfig */,
				91F2A36AF834E5242625D0B5 /* Pods-Attendance.release.xcconfig */,
			);
			path = Pods;
			sourceTree = "<group>";
		};
/* End PBXGroup section */

/* Begin PBXNativeTarget section */
		E14603E4257A849E0042B7BE /* Attendance */ = {
			isa = PBXNativeTarget;
			buildConfigurationList = E14603F9257A84A20042B7BE /* Build configuration list for PBXNativeTarget "Attendance" */;
			buildPhases = (
				CFB08CAC18CD58C667AF67DC /* [CP] Check Pods Manifest.lock */,
				E14603E1257A849E0042B7BE /* Sources */,
				E14603E2257A849E0042B7BE /* Frameworks */,
				E14603E3257A849E0042B7BE /* Resources */,
				222FC861E125DF57410EAC9D /* [CP] Embed Pods Frameworks */,
			);
			buildRules = (
			);
			dependencies = (
			);
			name = Attendance;
			productName = Attendance;
			productReference = E14603E5257A849E0042B7BE /* Attendance.app */;
			productType = "com.apple.product-type.application";
		};
/* End PBXNativeTarget section */

/* Begin PBXProject section */
		E14603DD257A849E0042B7BE /* Project object */ = {
			isa = PBXProject;
			attributes = {
				LastSwiftUpdateCheck = 1210;
				LastUpgradeCheck = 1210;
				TargetAttributes = {
					E14603E4257A849E0042B7BE = {
						CreatedOnToolsVersion = 12.1;
					};
				};
			};
			buildConfigurationList = E14603E0257A849E0042B7BE /* Build configuration list for PBXProject "Attendance" */;
			compatibilityVersion = "Xcode 9.3";
			developmentRegion = en;
			hasScannedForEncodings = 0;
			knownRegions = (
				en,
				Base,
			);
			mainGroup = E14603DC257A849E0042B7BE;
			productRefGroup = E14603E6257A849E0042B7BE /* Products */;
			projectDirPath = "";
			projectRoot = "";
			targets = (
				E14603E4257A849E0042B7BE /* Attendance */,
			);
		};
/* End PBXProject section */

/* Begin PBXResourcesBuildPhase section */
		E14603E3257A849E0042B7BE /* Resources */ = {
			isa = PBXResourcesBuildPhase;
			buildActionMask = 2147483647;
			files = (
				E14603F5257A84A20042B7BE /* LaunchScreen.storyboard in Resources */,
				E15CF4EF257D00A100B82C1D /* GoogleService-Info.plist in Resources */,
				E14603F2257A84A20042B7BE /* Assets.xcassets in Resources */,
				E14603F0257A849E0042B7BE /* Main.storyboard in Resources */,
			);
			runOnlyForDeploymentPostprocessing = 0;
		};
/* End PBXResourcesBuildPhase section */

/* Begin PBXShellScriptBuildPhase section */
		222FC861E125DF57410EAC9D /* [CP] Embed Pods Frameworks */ = {
			isa = PBXShellScriptBuildPhase;
			buildActionMask = 2147483647;
			files = (
			);
			inputFileListPaths = (
				"${PODS_ROOT}/Target Support Files/Pods-Attendance/Pods-Attendance-frameworks-${CONFIGURATION}-input-files.xcfilelist",
			);
			name = "[CP] Embed Pods Frameworks";
			outputFileListPaths = (
				"${PODS_ROOT}/Target Support Files/Pods-Attendance/Pods-Attendance-frameworks-${CONFIGURATION}-output-files.xcfilelist",
			);
			runOnlyForDeploymentPostprocessing = 0;
			shellPath = /bin/sh;
			shellScript = "\"${PODS_ROOT}/Target Support Files/Pods-Attendance/Pods-Attendance-frameworks.sh\"\n";
			showEnvVarsInLog = 0;
		};
		CFB08CAC18CD58C667AF67DC /* [CP] Check Pods Manifest.lock */ = {
			isa = PBXShellScriptBuildPhase;
			buildActionMask = 2147483647;
			files = (
			);
			inputFileListPaths = (
			);
			inputPaths = (
				"${PODS_PODFILE_DIR_PATH}/Podfile.lock",
				"${PODS_ROOT}/Manifest.lock",
			);
			name = "[CP] Check Pods Manifest.lock";
			outputFileListPaths = (
			);
			outputPaths = (
				"$(DERIVED_FILE_DIR)/Pods-Attendance-checkManifestLockResult.txt",
			);
			runOnlyForDeploymentPostprocessing = 0;
			shellPath = /bin/sh;
			shellScript = "diff \"${PODS_PODFILE_DIR_PATH}/Podfile.lock\" \"${PODS_ROOT}/Manifest.lock\" > /dev/null\nif [ $? != 0 ] ; then\n    # print error to STDERR\n    echo \"error: The sandbox is not in sync with the Podfile.lock. Run 'pod install' or update your CocoaPods installation.\" >&2\n    exit 1\nfi\n# This output is used by Xcode 'outputs' to avoid re-running this script phase.\necho \"SUCCESS\" > \"${SCRIPT_OUTPUT_FILE_0}\"\n";
			showEnvVarsInLog = 0;
		};
/* End PBXShellScriptBuildPhase section */

/* Begin PBXSourcesBuildPhase section */
		E14603E1257A849E0042B7BE /* Sources */ = {
			isa = PBXSourcesBuildPhase;
			buildActionMask = 2147483647;
			files = (
				E11D5800257DFCCD00D96355 /* AddViewController.swift in Sources */,
				E11D5803257E00F900D96355 /* TimeTable.swift in Sources */,
				E14603ED257A849E0042B7BE /* ViewController.swift in Sources */,
				E15CF4DF257ACA7500B82C1D /* ModifyViewController.swift in Sources */,
				E14603E9257A849E0042B7BE /* AppDelegate.swift in Sources */,
				E160FB17258C5C8C00280BED /* StudentsViewController.swift in Sources */,
				E17DADC7258D1F070046162A /* AddStudentViewController.swift in Sources */,
				E188EE7125AD9FE50058134A /* AddEventViewController.swift in Sources */,
				E17DADC4258D091D0046162A /* Students.swift in Sources */,
				E14603EB257A849E0042B7BE /* SceneDelegate.swift in Sources */,
				E160FB1A258C5D1400280BED /* DetailStudentViewController.swift in Sources */,
			);
			runOnlyForDeploymentPostprocessing = 0;
		};
/* End PBXSourcesBuildPhase section */

/* Begin PBXVariantGroup section */
		E14603EE257A849E0042B7BE /* Main.storyboard */ = {
			isa = PBXVariantGroup;
			children = (
				E14603EF257A849E0042B7BE /* Base */,
			);
			name = Main.storyboard;
			sourceTree = "<group>";
		};
		E14603F3257A84A20042B7BE /* LaunchScreen.storyboard */ = {
			isa = PBXVariantGroup;
			children = (
				E14603F4257A84A20042B7BE /* Base */,
			);
			name = LaunchScreen.storyboard;
			sourceTree = "<group>";
		};
/* End PBXVariantGroup section */

/* Begin XCBuildConfiguration section */
		E14603F7257A84A20042B7BE /* Debug */ = {
			isa = XCBuildConfiguration;
			buildSettings = {
				ALWAYS_SEARCH_USER_PATHS = NO;
				CLANG_ANALYZER_NONNULL = YES;
				CLANG_ANALYZER_NUMBER_OBJECT_CONVERSION = YES_AGGRESSIVE;
				CLANG_CXX_LANGUAGE_STANDARD = "gnu++14";
				CLANG_CXX_LIBRARY = "libc++";
				CLANG_ENABLE_MODULES = YES;
				CLANG_ENABLE_OBJC_ARC = YES;
				CLANG_ENABLE_OBJC_WEAK = YES;
				CLANG_WARN_BLOCK_CAPTURE_AUTORELEASING = YES;
				CLANG_WARN_BOOL_CONVERSION = YES;
				CLANG_WARN_COMMA = YES;
				CLANG_WARN_CONSTANT_CONVERSION = YES;
				CLANG_WARN_DEPRECATED_OBJC_IMPLEMENTATIONS = YES;
				CLANG_WARN_DIRECT_OBJC_ISA_USAGE = YES_ERROR;
				CLANG_WARN_DOCUMENTATION_COMMENTS = YES;
				CLANG_WARN_EMPTY_BODY = YES;
				CLANG_WARN_ENUM_CONVERSION = YES;
				CLANG_WARN_INFINITE_RECURSION = YES;
				CLANG_WARN_INT_CONVERSION = YES;
				CLANG_WARN_NON_LITERAL_NULL_CONVERSION = YES;
				CLANG_WARN_OBJC_IMPLICIT_RETAIN_SELF = YES;
				CLANG_WARN_OBJC_LITERAL_CONVERSION = YES;
				CLANG_WARN_OBJC_ROOT_CLASS = YES_ERROR;
				CLANG_WARN_QUOTED_INCLUDE_IN_FRAMEWORK_HEADER = YES;
				CLANG_WARN_RANGE_LOOP_ANALYSIS = YES;
				CLANG_WARN_STRICT_PROTOTYPES = YES;
				CLANG_WARN_SUSPICIOUS_MOVE = YES;
				CLANG_WARN_UNGUARDED_AVAILABILITY = YES_AGGRESSIVE;
				CLANG_WARN_UNREACHABLE_CODE = YES;
				CLANG_WARN__DUPLICATE_METHOD_MATCH = YES;
				COPY_PHASE_STRIP = NO;
				DEBUG_INFORMATION_FORMAT = dwarf;
				ENABLE_STRICT_OBJC_MSGSEND = YES;
				ENABLE_TESTABILITY = YES;
				GCC_C_LANGUAGE_STANDARD = gnu11;
				GCC_DYNAMIC_NO_PIC = NO;
				GCC_NO_COMMON_BLOCKS = YES;
				GCC_OPTIMIZATION_LEVEL = 0;
				GCC_PREPROCESSOR_DEFINITIONS = (
					"DEBUG=1",
					"$(inherited)",
				);
				GCC_WARN_64_TO_32_BIT_CONVERSION = YES;
				GCC_WARN_ABOUT_RETURN_TYPE = YES_ERROR;
				GCC_WARN_UNDECLARED_SELECTOR = YES;
				GCC_WARN_UNINITIALIZED_AUTOS = YES_AGGRESSIVE;
				GCC_WARN_UNUSED_FUNCTION = YES;
				GCC_WARN_UNUSED_VARIABLE = YES;
				IPHONEOS_DEPLOYMENT_TARGET = 14.1;
				MTL_ENABLE_DEBUG_INFO = INCLUDE_SOURCE;
				MTL_FAST_MATH = YES;
				ONLY_ACTIVE_ARCH = YES;
				SDKROOT = iphoneos;
				SWIFT_ACTIVE_COMPILATION_CONDITIONS = DEBUG;
				SWIFT_OPTIMIZATION_LEVEL = "-Onone";
			};
			name = Debug;
		};
		E14603F8257A84A20042B7BE /* Release */ = {
			isa = XCBuildConfiguration;
			buildSettings = {
				ALWAYS_SEARCH_USER_PATHS = NO;
				CLANG_ANALYZER_NONNULL = YES;
				CLANG_ANALYZER_NUMBER_OBJECT_CONVERSION = YES_AGGRESSIVE;
				CLANG_CXX_LANGUAGE_STANDARD = "gnu++14";
				CLANG_CXX_LIBRARY = "libc++";
				CLANG_ENABLE_MODULES = YES;
				CLANG_ENABLE_OBJC_ARC = YES;
				CLANG_ENABLE_OBJC_WEAK = YES;
				CLANG_WARN_BLOCK_CAPTURE_AUTORELEASING = YES;
				CLANG_WARN_BOOL_CONVERSION = YES;
				CLANG_WARN_COMMA = YES;
				CLANG_WARN_CONSTANT_CONVERSION = YES;
				CLANG_WARN_DEPRECATED_OBJC_IMPLEMENTATIONS = YES;
				CLANG_WARN_DIRECT_OBJC_ISA_USAGE = YES_ERROR;
				CLANG_WARN_DOCUMENTATION_COMMENTS = YES;
				CLANG_WARN_EMPTY_BODY = YES;
				CLANG_WARN_ENUM_CONVERSION = YES;
				CLANG_WARN_INFINITE_RECURSION = YES;
				CLANG_WARN_INT_CONVERSION = YES;
				CLANG_WARN_NON_LITERAL_NULL_CONVERSION = YES;
				CLANG_WARN_OBJC_IMPLICIT_RETAIN_SELF = YES;
				CLANG_WARN_OBJC_LITERAL_CONVERSION = YES;
				CLANG_WARN_OBJC_ROOT_CLASS = YES_ERROR;
				CLANG_WARN_QUOTED_INCLUDE_IN_FRAMEWORK_HEADER = YES;
				CLANG_WARN_RANGE_LOOP_ANALYSIS = YES;
				CLANG_WARN_STRICT_PROTOTYPES = YES;
				CLANG_WARN_SUSPICIOUS_MOVE = YES;
				CLANG_WARN_UNGUARDED_AVAILABILITY = YES_AGGRESSIVE;
				CLANG_WARN_UNREACHABLE_CODE = YES;
				CLANG_WARN__DUPLICATE_METHOD_MATCH = YES;
				COPY_PHASE_STRIP = NO;
				DEBUG_INFORMATION_FORMAT = "dwarf-with-dsym";
				ENABLE_NS_ASSERTIONS = NO;
				ENABLE_STRICT_OBJC_MSGSEND = YES;
				GCC_C_LANGUAGE_STANDARD = gnu11;
				GCC_NO_COMMON_BLOCKS = YES;
				GCC_WARN_64_TO_32_BIT_CONVERSION = YES;
				GCC_WARN_ABOUT_RETURN_TYPE = YES_ERROR;
				GCC_WARN_UNDECLARED_SELECTOR = YES;
				GCC_WARN_UNINITIALIZED_AUTOS = YES_AGGRESSIVE;
				GCC_WARN_UNUSED_FUNCTION = YES;
				GCC_WARN_UNUSED_VARIABLE = YES;
				IPHONEOS_DEPLOYMENT_TARGET = 14.1;
				MTL_ENABLE_DEBUG_INFO = NO;
				MTL_FAST_MATH = YES;
				SDKROOT = iphoneos;
				SWIFT_COMPILATION_MODE = wholemodule;
				SWIFT_OPTIMIZATION_LEVEL = "-O";
				VALIDATE_PRODUCT = YES;
			};
			name = Release;
		};
		E14603FA257A84A20042B7BE /* Debug */ = {
			isa = XCBuildConfiguration;
			baseConfigurationReference = ABB3EBF8CFA20E77D4D5E0FC /* Pods-Attendance.debug.xcconfig */;
			buildSettings = {
				ASSETCATALOG_COMPILER_APPICON_NAME = AppIcon;
				ASSETCATALOG_COMPILER_GLOBAL_ACCENT_COLOR_NAME = AccentColor;
				CODE_SIGN_STYLE = Automatic;
				DEVELOPMENT_TEAM = 4UW82U7KF6;
				INFOPLIST_FILE = Attendance/Info.plist;
				IPHONEOS_DEPLOYMENT_TARGET = 14.0;
				LD_RUNPATH_SEARCH_PATHS = (
					"$(inherited)",
					"@executable_path/Frameworks",
				);
				PRODUCT_BUNDLE_IDENTIFIER = com.sangs.Attendance;
				PRODUCT_NAME = "$(TARGET_NAME)";
				SWIFT_VERSION = 5.0;
				TARGETED_DEVICE_FAMILY = "1,2";
			};
			name = Debug;
		};
		E14603FB257A84A20042B7BE /* Release */ = {
			isa = XCBuildConfiguration;
			baseConfigurationReference = 91F2A36AF834E5242625D0B5 /* Pods-Attendance.release.xcconfig */;
			buildSettings = {
				ASSETCATALOG_COMPILER_APPICON_NAME = AppIcon;
				ASSETCATALOG_COMPILER_GLOBAL_ACCENT_COLOR_NAME = AccentColor;
				CODE_SIGN_STYLE = Automatic;
				DEVELOPMENT_TEAM = 4UW82U7KF6;
				INFOPLIST_FILE = Attendance/Info.plist;
				IPHONEOS_DEPLOYMENT_TARGET = 14.0;
				LD_RUNPATH_SEARCH_PATHS = (
					"$(inherited)",
					"@executable_path/Frameworks",
				);
				PRODUCT_BUNDLE_IDENTIFIER = com.sangs.Attendance;
				PRODUCT_NAME = "$(TARGET_NAME)";
				SWIFT_VERSION = 5.0;
				TARGETED_DEVICE_FAMILY = "1,2";
			};
			name = Release;
		};
/* End XCBuildConfiguration section */

/* Begin XCConfigurationList section */
		E14603E0257A849E0042B7BE /* Build configuration list for PBXProject "Attendance" */ = {
			isa = XCConfigurationList;
			buildConfigurations = (
				E14603F7257A84A20042B7BE /* Debug */,
				E14603F8257A84A20042B7BE /* Release */,
			);
			defaultConfigurationIsVisible = 0;
			defaultConfigurationName = Release;
		};
		E14603F9257A84A20042B7BE /* Build configuration list for PBXNativeTarget "Attendance" */ = {
			isa = XCConfigurationList;
			buildConfigurations = (
				E14603FA257A84A20042B7BE /* Debug */,
				E14603FB257A84A20042B7BE /* Release */,
			);
			defaultConfigurationIsVisible = 0;
			defaultConfigurationName = Release;
		};
/* End XCConfigurationList section */
	};
	rootObject = E14603DD257A849E0042B7BE /* Project object */;
}
